
Microsoft Visual Studio Solution File, Format Version 12.00
# Visual Studio Version 17
VisualStudioVersion = 17.14.36414.22
MinimumVisualStudioVersion = 10.0.40219.1
Project("{2150E333-8FDC-42A3-9474-1A3956D46DE8}") = "Task0", "Task0", "{02EA681E-C7D8-13C7-8484-4AC65E1B71E8}"
EndProject
Project("{FAE04EC0-301F-11D3-BF4B-00C04F79EFBC}") = "Tyuiu.NeupokoevSV.Sprint0.Task0.V0", "Tyuiu.NeupokoevSV.Sprint0.Task0.V0\Tyuiu.NeupokoevSV.Sprint0.Task0.V0.csproj", "{42C3003A-39E4-4553-A233-B5E711F1AC7F}"
EndProject
Project("{2150E333-8FDC-42A3-9474-1A3956D46DE8}") = "Task1", "Task1", "{73A9FE55-AA23-4C23-821E-0AFCCF8154BF}"
EndProject
Project("{FAE04EC0-301F-11D3-BF4B-00C04F79EFBC}") = "Tyuiu.NeupokoevSV.Sprint0.Task1.V0", "Tyuiu.NeupokoevSV.Sprint0.Task1.V0\Tyuiu.NeupokoevSV.Sprint0.Task1.V0.csproj", "{29E0B4AB-9684-430E-8E3D-826FE6F88481}"
EndProject
Project("{2150E333-8FDC-42A3-9474-1A3956D46DE8}") = "Task2", "Task2", "{90EFD1CC-9EA0-4C49-B71F-331FB4DF063D}"
EndProject
Project("{FAE04EC0-301F-11D3-BF4B-00C04F79EFBC}") = "Tyuiu.NeupokoevSV.Sprint0.Task2.V0", "Tyuiu.NeupokoevSV.Sprint0.Task2.V0\Tyuiu.NeupokoevSV.Sprint0.Task2.V0.csproj", "{8B02E1D6-14B0-4961-8699-AE61CC3B170F}"
EndProject
Project("{FAE04EC0-301F-11D3-BF4B-00C04F79EFBC}") = "Tyuiu.NeupokoevSV.Sprint0.Task2.V0.Lib", "Tyuiu.NeupokoevSV.Sprint0.Task2.V0.Lib\Tyuiu.NeupokoevSV.Sprint0.Task2.V0.Lib.csproj", "{589221EB-DD7D-4CAD-A226-15B3AD0DBC17}"
EndProject
Project("{FAE04EC0-301F-11D3-BF4B-00C04F79EFBC}") = "Tyuiu.NeupokoevSV.Sprint0.Task2.V0.Test", "Tyuiu.NeupokoevSV.Sprint0.Task2.V0.Test\Tyuiu.NeupokoevSV.Sprint0.Task2.V0.Test.csproj", "{21E9C953-2FEF-49C4-8365-5597B0A6E59A}"
EndProject
Project("{2150E333-8FDC-42A3-9474-1A3956D46DE8}") = "Task3", "Task3", "{070D611C-0167-48F5-B636-ACE96F7C0BEC}"
EndProject
Project("{FAE04EC0-301F-11D3-BF4B-00C04F79EFBC}") = "Tyuiu.NeupokoevSV.Sprint0.Task3.V0", "Tyuiu.NeupokoevSV.Sprint0.Task3.V0\Tyuiu.NeupokoevSV.Sprint0.Task3.V0.csproj", "{3E8B2EDC-BD1C-49B0-BAEB-4866EFEDC4EA}"
EndProject
Project("{FAE04EC0-301F-11D3-BF4B-00C04F79EFBC}") = "Tyuiu.NeupokoevSV.Sprint0.Task3.V0.Lib", "Tyuiu.NeupokoevSV.Sprint0.Task3.V0.Lib\Tyuiu.NeupokoevSV.Sprint0.Task3.V0.Lib.csproj", "{61BCB5E2-120E-48AC-868E-7D97D61C10C3}"
EndProject
Project("{FAE04EC0-301F-11D3-BF4B-00C04F79EFBC}") = "Tyuiu.NeupokoevSV.Sprint0.Task3.V0.Test", "Tyuiu.NeupokoevSV.Sprint0.Task3.V0.Test\Tyuiu.NeupokoevSV.Sprint0.Task3.V0.Test.csproj", "{99CEC247-C65E-4D2A-B45B-90572A85C7B1}"
EndProject
Project("{2150E333-8FDC-42A3-9474-1A3956D46DE8}") = "Task4", "Task4", "{C1BC8954-5D37-4E9E-AF0D-9D1D4BB63298}"
EndProject
Project("{FAE04EC0-301F-11D3-BF4B-00C04F79EFBC}") = "Tyuiu.NeupokoevSV.Sprint0.Task4.V0", "Tyuiu.NeupokoevSV.Sprint0.Task4.V0\Tyuiu.NeupokoevSV.Sprint0.Task4.V0.csproj", "{0B0D9D4C-8E15-458A-AF63-873E77A514FD}"
EndProject
Project("{FAE04EC0-301F-11D3-BF4B-00C04F79EFBC}") = "Tyuiu.NeupokoevSV.Sprint0.Task4.V0.Lib", "Tyuiu.NeupokoevSV.Sprint0.Task4.V0.Lib\Tyuiu.NeupokoevSV.Sprint0.Task4.V0.Lib.csproj", "{A33FD6F8-24B2-40CE-9FDA-877CDA03ECC7}"
EndProject
Project("{FAE04EC0-301F-11D3-BF4B-00C04F79EFBC}") = "Tyuiu.NeupokoevSV.Sprint0.Task4.V0.Test", "Tyuiu.NeupokoevSV.Sprint0.Task4.V0.Test\Tyuiu.NeupokoevSV.Sprint0.Task4.V0.Test.csproj", "{6F8D1305-1DCA-42AD-A477-886D9C4A0EFD}"
EndProject
Project("{2150E333-8FDC-42A3-9474-1A3956D46DE8}") = "Task5", "Task5", "{32B06768-1815-4A34-B356-603C026D0FCF}"
EndProject
Project("{FAE04EC0-301F-11D3-BF4B-00C04F79EFBC}") = "Tyuiu.NeupokoevSV.Sprint0.Task5.V0.Lib", "Tyuiu.NeupokoevSV.Sprint0.Task5.V0.Lib\Tyuiu.NeupokoevSV.Sprint0.Task5.V0.Lib.csproj", "{060A3F0C-192C-47EB-B28E-96DB55C996C9}"
EndProject
Project("{FAE04EC0-301F-11D3-BF4B-00C04F79EFBC}") = "Tyuiu.NeupokoevSV.Sprint0.Task5.V0.Test", "Tyuiu.NeupokoevSV.Sprint0.Task5.V0.Test\Tyuiu.NeupokoevSV.Sprint0.Task5.V0.Test.csproj", "{761D8D87-3966-4E78-9D2E-AF099A0240B6}"
EndProject
Project("{FAE04EC0-301F-11D3-BF4B-00C04F79EFBC}") = "Tyuiu.NeupokoevSV.Sprint0.Task5.V0", "Tyuiu.NeupokoevSV.Sprint0.Task5.V0\Tyuiu.NeupokoevSV.Sprint0.Task5.V0.csproj", "{186830D4-7162-461B-A947-66C06ACA9155}"
EndProject
Project("{2150E333-8FDC-42A3-9474-1A3956D46DE8}") = "Task6", "Task6", "{542DC3CF-C672-41ED-94F6-14A0F651D66D}"
EndProject
Project("{FAE04EC0-301F-11D3-BF4B-00C04F79EFBC}") = "Tyuiu.NeupokoevSV.Sprint0.Task6.V0", "Tyuiu.NeupokoevSV.Sprint0.Task6.V0\Tyuiu.NeupokoevSV.Sprint0.Task6.V0.csproj", "{4263DF92-4360-42B7-AF0C-3B87062DC4C5}"
EndProject
Project("{FAE04EC0-301F-11D3-BF4B-00C04F79EFBC}") = "Tyuiu.NeupokoevSV.Sprint0.Task6.V0.Lib", "Tyuiu.NeupokoevSV.Sprint0.Task6.V0.Lib\Tyuiu.NeupokoevSV.Sprint0.Task6.V0.Lib.csproj", "{A8D98BE5-85B0-40DC-AD61-E64353669D28}"
EndProject
Project("{FAE04EC0-301F-11D3-BF4B-00C04F79EFBC}") = "Tyuiu.NeupokoevSV.Sprint0.Task6.V0.Test", "Tyuiu.NeupokoevSV.Sprint0.Task6.V0.Test\Tyuiu.NeupokoevSV.Sprint0.Task6.V0.Test.csproj", "{82A0C033-383C-46E8-A9B7-9FC95BDD9A0C}"
EndProject
Global
	GlobalSection(SolutionConfigurationPlatforms) = preSolution
		Debug|Any CPU = Debug|Any CPU
		Release|Any CPU = Release|Any CPU
	EndGlobalSection
	GlobalSection(ProjectConfigurationPlatforms) = postSolution
		{42C3003A-39E4-4553-A233-B5E711F1AC7F}.Debug|Any CPU.ActiveCfg = Debug|Any CPU
		{42C3003A-39E4-4553-A233-B5E711F1AC7F}.Debug|Any CPU.Build.0 = Debug|Any CPU
		{42C3003A-39E4-4553-A233-B5E711F1AC7F}.Release|Any CPU.ActiveCfg = Release|Any CPU
		{42C3003A-39E4-4553-A233-B5E711F1AC7F}.Release|Any CPU.Build.0 = Release|Any CPU
		{29E0B4AB-9684-430E-8E3D-826FE6F88481}.Debug|Any CPU.ActiveCfg = Debug|Any CPU
		{29E0B4AB-9684-430E-8E3D-826FE6F88481}.Debug|Any CPU.Build.0 = Debug|Any CPU
		{29E0B4AB-9684-430E-8E3D-826FE6F88481}.Release|Any CPU.ActiveCfg = Release|Any CPU
		{29E0B4AB-9684-430E-8E3D-826FE6F88481}.Release|Any CPU.Build.0 = Release|Any CPU
		{8B02E1D6-14B0-4961-8699-AE61CC3B170F}.Debug|Any CPU.ActiveCfg = Debug|Any CPU
		{8B02E1D6-14B0-4961-8699-AE61CC3B170F}.Debug|Any CPU.Build.0 = Debug|Any CPU
		{8B02E1D6-14B0-4961-8699-AE61CC3B170F}.Release|Any CPU.ActiveCfg = Release|Any CPU
		{8B02E1D6-14B0-4961-8699-AE61CC3B170F}.Release|Any CPU.Build.0 = Release|Any CPU
		{589221EB-DD7D-4CAD-A226-15B3AD0DBC17}.Debug|Any CPU.ActiveCfg = Debug|Any CPU
		{589221EB-DD7D-4CAD-A226-15B3AD0DBC17}.Debug|Any CPU.Build.0 = Debug|Any CPU
		{589221EB-DD7D-4CAD-A226-15B3AD0DBC17}.Release|Any CPU.ActiveCfg = Release|Any CPU
		{589221EB-DD7D-4CAD-A226-15B3AD0DBC17}.Release|Any CPU.Build.0 = Release|Any CPU
		{21E9C953-2FEF-49C4-8365-5597B0A6E59A}.Debug|Any CPU.ActiveCfg = Debug|Any CPU
		{21E9C953-2FEF-49C4-8365-5597B0A6E59A}.Debug|Any CPU.Build.0 = Debug|Any CPU
		{21E9C953-2FEF-49C4-8365-5597B0A6E59A}.Release|Any CPU.ActiveCfg = Release|Any CPU
		{21E9C953-2FEF-49C4-8365-5597B0A6E59A}.Release|Any CPU.Build.0 = Release|Any CPU
		{3E8B2EDC-BD1C-49B0-BAEB-4866EFEDC4EA}.Debug|Any CPU.ActiveCfg = Debug|Any CPU
		{3E8B2EDC-BD1C-49B0-BAEB-4866EFEDC4EA}.Debug|Any CPU.Build.0 = Debug|Any CPU
		{3E8B2EDC-BD1C-49B0-BAEB-4866EFEDC4EA}.Release|Any CPU.ActiveCfg = Release|Any CPU
		{3E8B2EDC-BD1C-49B0-BAEB-4866EFEDC4EA}.Release|Any CPU.Build.0 = Release|Any CPU
		{61BCB5E2-120E-48AC-868E-7D97D61C10C3}.Debug|Any CPU.ActiveCfg = Debug|Any CPU
		{61BCB5E2-120E-48AC-868E-7D97D61C10C3}.Debug|Any CPU.Build.0 = Debug|Any CPU
		{61BCB5E2-120E-48AC-868E-7D97D61C10C3}.Release|Any CPU.ActiveCfg = Release|Any CPU
		{61BCB5E2-120E-48AC-868E-7D97D61C10C3}.Release|Any CPU.Build.0 = Release|Any CPU
		{99CEC247-C65E-4D2A-B45B-90572A85C7B1}.Debug|Any CPU.ActiveCfg = Debug|Any CPU
		{99CEC247-C65E-4D2A-B45B-90572A85C7B1}.Debug|Any CPU.Build.0 = Debug|Any CPU
		{99CEC247-C65E-4D2A-B45B-90572A85C7B1}.Release|Any CPU.ActiveCfg = Release|Any CPU
		{99CEC247-C65E-4D2A-B45B-90572A85C7B1}.Release|Any CPU.Build.0 = Release|Any CPU
		{0B0D9D4C-8E15-458A-AF63-873E77A514FD}.Debug|Any CPU.ActiveCfg = Debug|Any CPU
		{0B0D9D4C-8E15-458A-AF63-873E77A514FD}.Debug|Any CPU.Build.0 = Debug|Any CPU
		{0B0D9D4C-8E15-458A-AF63-873E77A514FD}.Release|Any CPU.ActiveCfg = Release|Any CPU
		{0B0D9D4C-8E15-458A-AF63-873E77A514FD}.Release|Any CPU.Build.0 = Release|Any CPU
		{A33FD6F8-24B2-40CE-9FDA-877CDA03ECC7}.Debug|Any CPU.ActiveCfg = Debug|Any CPU
		{A33FD6F8-24B2-40CE-9FDA-877CDA03ECC7}.Debug|Any CPU.Build.0 = Debug|Any CPU
		{A33FD6F8-24B2-40CE-9FDA-877CDA03ECC7}.Release|Any CPU.ActiveCfg = Release|Any CPU
		{A33FD6F8-24B2-40CE-9FDA-877CDA03ECC7}.Release|Any CPU.Build.0 = Release|Any CPU
		{6F8D1305-1DCA-42AD-A477-886D9C4A0EFD}.Debug|Any CPU.ActiveCfg = Debug|Any CPU
		{6F8D1305-1DCA-42AD-A477-886D9C4A0EFD}.Debug|Any CPU.Build.0 = Debug|Any CPU
		{6F8D1305-1DCA-42AD-A477-886D9C4A0EFD}.Release|Any CPU.ActiveCfg = Release|Any CPU
		{6F8D1305-1DCA-42AD-A477-886D9C4A0EFD}.Release|Any CPU.Build.0 = Release|Any CPU
		{060A3F0C-192C-47EB-B28E-96DB55C996C9}.Debug|Any CPU.ActiveCfg = Debug|Any CPU
		{060A3F0C-192C-47EB-B28E-96DB55C996C9}.Debug|Any CPU.Build.0 = Debug|Any CPU
		{060A3F0C-192C-47EB-B28E-96DB55C996C9}.Release|Any CPU.ActiveCfg = Release|Any CPU
		{060A3F0C-192C-47EB-B28E-96DB55C996C9}.Release|Any CPU.Build.0 = Release|Any CPU
		{761D8D87-3966-4E78-9D2E-AF099A0240B6}.Debug|Any CPU.ActiveCfg = Debug|Any CPU
		{761D8D87-3966-4E78-9D2E-AF099A0240B6}.Debug|Any CPU.Build.0 = Debug|Any CPU
		{761D8D87-3966-4E78-9D2E-AF099A0240B6}.Release|Any CPU.ActiveCfg = Release|Any CPU
		{761D8D87-3966-4E78-9D2E-AF099A0240B6}.Release|Any CPU.Build.0 = Release|Any CPU
		{186830D4-7162-461B-A947-66C06ACA9155}.Debug|Any CPU.ActiveCfg = Debug|Any CPU
		{186830D4-7162-461B-A947-66C06ACA9155}.Debug|Any CPU.Build.0 = Debug|Any CPU
		{186830D4-7162-461B-A947-66C06ACA9155}.Release|Any CPU.ActiveCfg = Release|Any CPU
		{186830D4-7162-461B-A947-66C06ACA9155}.Release|Any CPU.Build.0 = Release|Any CPU
		{4263DF92-4360-42B7-AF0C-3B87062DC4C5}.Debug|Any CPU.ActiveCfg = Debug|Any CPU
		{4263DF92-4360-42B7-AF0C-3B87062DC4C5}.Debug|Any CPU.Build.0 = Debug|Any CPU
		{4263DF92-4360-42B7-AF0C-3B87062DC4C5}.Release|Any CPU.ActiveCfg = Release|Any CPU
		{4263DF92-4360-42B7-AF0C-3B87062DC4C5}.Release|Any CPU.Build.0 = Release|Any CPU
		{A8D98BE5-85B0-40DC-AD61-E64353669D28}.Debug|Any CPU.ActiveCfg = Debug|Any CPU
		{A8D98BE5-85B0-40DC-AD61-E64353669D28}.Debug|Any CPU.Build.0 = Debug|Any CPU
		{A8D98BE5-85B0-40DC-AD61-E64353669D28}.Release|Any CPU.ActiveCfg = Release|Any CPU
		{A8D98BE5-85B0-40DC-AD61-E64353669D28}.Release|Any CPU.Build.0 = Release|Any CPU
		{82A0C033-383C-46E8-A9B7-9FC95BDD9A0C}.Debug|Any CPU.ActiveCfg = Debug|Any CPU
		{82A0C033-383C-46E8-A9B7-9FC95BDD9A0C}.Debug|Any CPU.Build.0 = Debug|Any CPU
		{82A0C033-383C-46E8-A9B7-9FC95BDD9A0C}.Release|Any CPU.ActiveCfg = Release|Any CPU
		{82A0C033-383C-46E8-A9B7-9FC95BDD9A0C}.Release|Any CPU.Build.0 = Release|Any CPU
	EndGlobalSection
	GlobalSection(SolutionProperties) = preSolution
		HideSolutionNode = FALSE
	EndGlobalSection
	GlobalSection(NestedProjects) = preSolution
		{42C3003A-39E4-4553-A233-B5E711F1AC7F} = {02EA681E-C7D8-13C7-8484-4AC65E1B71E8}
		{29E0B4AB-9684-430E-8E3D-826FE6F88481} = {73A9FE55-AA23-4C23-821E-0AFCCF8154BF}
		{8B02E1D6-14B0-4961-8699-AE61CC3B170F} = {90EFD1CC-9EA0-4C49-B71F-331FB4DF063D}
		{589221EB-DD7D-4CAD-A226-15B3AD0DBC17} = {90EFD1CC-9EA0-4C49-B71F-331FB4DF063D}
		{21E9C953-2FEF-49C4-8365-5597B0A6E59A} = {90EFD1CC-9EA0-4C49-B71F-331FB4DF063D}
		{3E8B2EDC-BD1C-49B0-BAEB-4866EFEDC4EA} = {070D611C-0167-48F5-B636-ACE96F7C0BEC}
		{61BCB5E2-120E-48AC-868E-7D97D61C10C3} = {070D611C-0167-48F5-B636-ACE96F7C0BEC}
		{99CEC247-C65E-4D2A-B45B-90572A85C7B1} = {070D611C-0167-48F5-B636-ACE96F7C0BEC}
		{0B0D9D4C-8E15-458A-AF63-873E77A514FD} = {C1BC8954-5D37-4E9E-AF0D-9D1D4BB63298}
		{A33FD6F8-24B2-40CE-9FDA-877CDA03ECC7} = {C1BC8954-5D37-4E9E-AF0D-9D1D4BB63298}
		{6F8D1305-1DCA-42AD-A477-886D9C4A0EFD} = {C1BC8954-5D37-4E9E-AF0D-9D1D4BB63298}
		{060A3F0C-192C-47EB-B28E-96DB55C996C9} = {32B06768-1815-4A34-B356-603C026D0FCF}
		{761D8D87-3966-4E78-9D2E-AF099A0240B6} = {32B06768-1815-4A34-B356-603C026D0FCF}
		{186830D4-7162-461B-A947-66C06ACA9155} = {32B06768-1815-4A34-B356-603C026D0FCF}
		{4263DF92-4360-42B7-AF0C-3B87062DC4C5} = {542DC3CF-C672-41ED-94F6-14A0F651D66D}
		{A8D98BE5-85B0-40DC-AD61-E64353669D28} = {542DC3CF-C672-41ED-94F6-14A0F651D66D}
		{82A0C033-383C-46E8-A9B7-9FC95BDD9A0C} = {542DC3CF-C672-41ED-94F6-14A0F651D66D}
	EndGlobalSection
	GlobalSection(ExtensibilityGlobals) = postSolution
		SolutionGuid = {B1B45EB4-143B-4EA5-A637-1523E6B6E2E6}
	EndGlobalSection
EndGlobal
